// !$*UTF8*$!
{
	archiveVersion = 1;
	classes = {
	};
	objectVersion = 46;
	objects = {

/* Begin PBXBuildFile section */
		9B4F83361B0B94C200643AE2 /* TLSphinxSwift.h in Headers */ = {isa = PBXBuildFile; fileRef = 9B4F83351B0B94C200643AE2 /* TLSphinxSwift.h */; settings = {ATTRIBUTES = (Public, ); }; };
		9B4F833C1B0B94C200643AE2 /* TLSphinxSwift.framework in Frameworks */ = {isa = PBXBuildFile; fileRef = 9B4F83301B0B94C200643AE2 /* TLSphinxSwift.framework */; };
		9B4F83431B0B94C200643AE2 /* TLSphinxSwiftTests.swift in Sources */ = {isa = PBXBuildFile; fileRef = 9B4F83421B0B94C200643AE2 /* TLSphinxSwiftTests.swift */; };
/* End PBXBuildFile section */

/* Begin PBXContainerItemProxy section */
		9B4F833D1B0B94C200643AE2 /* PBXContainerItemProxy */ = {
			isa = PBXContainerItemProxy;
			containerPortal = 9B4F83271B0B94C100643AE2 /* Project object */;
			proxyType = 1;
			remoteGlobalIDString = 9B4F832F1B0B94C200643AE2;
			remoteInfo = TLSphinxSwift;
		};
/* End PBXContainerItemProxy section */

/* Begin PBXFileReference section */
		9B4F83301B0B94C200643AE2 /* TLSphinxSwift.framework */ = {isa = PBXFileReference; explicitFileType = wrapper.framework; includeInIndex = 0; path = TLSphinxSwift.framework; sourceTree = BUILT_PRODUCTS_DIR; };
		9B4F83341B0B94C200643AE2 /* Info.plist */ = {isa = PBXFileReference; lastKnownFileType = text.plist.xml; path = Info.plist; sourceTree = "<group>"; };
		9B4F83351B0B94C200643AE2 /* TLSphinxSwift.h */ = {isa = PBXFileReference; lastKnownFileType = sourcecode.c.h; path = TLSphinxSwift.h; sourceTree = "<group>"; };
		9B4F833B1B0B94C200643AE2 /* TLSphinxSwiftTests.xctest */ = {isa = PBXFileReference; explicitFileType = wrapper.cfbundle; includeInIndex = 0; path = TLSphinxSwiftTests.xctest; sourceTree = BUILT_PRODUCTS_DIR; };
		9B4F83411B0B94C200643AE2 /* Info.plist */ = {isa = PBXFileReference; lastKnownFileType = text.plist.xml; path = Info.plist; sourceTree = "<group>"; };
		9B4F83421B0B94C200643AE2 /* TLSphinxSwiftTests.swift */ = {isa = PBXFileReference; lastKnownFileType = sourcecode.swift; path = TLSphinxSwiftTests.swift; sourceTree = "<group>"; };
/* End PBXFileReference section */

/* Begin PBXFrameworksBuildPhase section */
		9B4F832C1B0B94C200643AE2 /* Frameworks */ = {
			isa = PBXFrameworksBuildPhase;
			buildActionMask = 2147483647;
			files = (
			);
			runOnlyForDeploymentPostprocessing = 0;
		};
		9B4F83381B0B94C200643AE2 /* Frameworks */ = {
			isa = PBXFrameworksBuildPhase;
			buildActionMask = 2147483647;
			files = (
				9B4F833C1B0B94C200643AE2 /* TLSphinxSwift.framework in Frameworks */,
			);
			runOnlyForDeploymentPostprocessing = 0;
		};
/* End PBXFrameworksBuildPhase section */

/* Begin PBXGroup section */
		9B4F83261B0B94C100643AE2 = {
			isa = PBXGroup;
			children = (
				9B4F83321B0B94C200643AE2 /* TLSphinxSwift */,
				9B4F833F1B0B94C200643AE2 /* TLSphinxSwiftTests */,
				9B4F83311B0B94C200643AE2 /* Products */,
			);
			sourceTree = "<group>";
		};
		9B4F83311B0B94C200643AE2 /* Products */ = {
			isa = PBXGroup;
			children = (
				9B4F83301B0B94C200643AE2 /* TLSphinxSwift.framework */,
				9B4F833B1B0B94C200643AE2 /* TLSphinxSwiftTests.xctest */,
			);
			name = Products;
			sourceTree = "<group>";
		};
		9B4F83321B0B94C200643AE2 /* TLSphinxSwift */ = {
			isa = PBXGroup;
			children = (
				9B4F83351B0B94C200643AE2 /* TLSphinxSwift.h */,
				9B4F83331B0B94C200643AE2 /* Supporting Files */,
			);
			path = TLSphinxSwift;
			sourceTree = "<group>";
		};
		9B4F83331B0B94C200643AE2 /* Supporting Files */ = {
			isa = PBXGroup;
			children = (
				9B4F83341B0B94C200643AE2 /* Info.plist */,
			);
			name = "Supporting Files";
			sourceTree = "<group>";
		};
		9B4F833F1B0B94C200643AE2 /* TLSphinxSwiftTests */ = {
			isa = PBXGroup;
			children = (
				9B4F83421B0B94C200643AE2 /* TLSphinxSwiftTests.swift */,
				9B4F83401B0B94C200643AE2 /* Supporting Files */,
			);
			path = TLSphinxSwiftTests;
			sourceTree = "<group>";
		};
		9B4F83401B0B94C200643AE2 /* Supporting Files */ = {
			isa = PBXGroup;
			children = (
				9B4F83411B0B94C200643AE2 /* Info.plist */,
			);
			name = "Supporting Files";
			sourceTree = "<group>";
		};
/* End PBXGroup section */

/* Begin PBXHeadersBuildPhase section */
		9B4F832D1B0B94C200643AE2 /* Headers */ = {
			isa = PBXHeadersBuildPhase;
			buildActionMask = 2147483647;
			files = (
				9B4F83361B0B94C200643AE2 /* TLSphinxSwift.h in Headers */,
			);
			runOnlyForDeploymentPostprocessing = 0;
		};
/* End PBXHeadersBuildPhase section */

/* Begin PBXNativeTarget section */
		9B4F832F1B0B94C200643AE2 /* TLSphinxSwift */ = {
			isa = PBXNativeTarget;
			buildConfigurationList = 9B4F83461B0B94C200643AE2 /* Build configuration list for PBXNativeTarget "TLSphinxSwift" */;
			buildPhases = (
				9B4F832B1B0B94C200643AE2 /* Sources */,
				9B4F832C1B0B94C200643AE2 /* Frameworks */,
				9B4F832D1B0B94C200643AE2 /* Headers */,
				9B4F832E1B0B94C200643AE2 /* Resources */,
			);
			buildRules = (
			);
			dependencies = (
			);
			name = TLSphinxSwift;
			productName = TLSphinxSwift;
			productReference = 9B4F83301B0B94C200643AE2 /* TLSphinxSwift.framework */;
			productType = "com.apple.product-type.framework";
		};
		9B4F833A1B0B94C200643AE2 /* TLSphinxSwiftTests */ = {
			isa = PBXNativeTarget;
			buildConfigurationList = 9B4F83491B0B94C200643AE2 /* Build configuration list for PBXNativeTarget "TLSphinxSwiftTests" */;
			buildPhases = (
				9B4F83371B0B94C200643AE2 /* Sources */,
				9B4F83381B0B94C200643AE2 /* Frameworks */,
				9B4F83391B0B94C200643AE2 /* Resources */,
			);
			buildRules = (
			);
			dependencies = (
				9B4F833E1B0B94C200643AE2 /* PBXTargetDependency */,
			);
			name = TLSphinxSwiftTests;
			productName = TLSphinxSwiftTests;
			productReference = 9B4F833B1B0B94C200643AE2 /* TLSphinxSwiftTests.xctest */;
			productType = "com.apple.product-type.bundle.unit-test";
		};
/* End PBXNativeTarget section */

/* Begin PBXProject section */
		9B4F83271B0B94C100643AE2 /* Project object */ = {
			isa = PBXProject;
			attributes = {
				LastUpgradeCheck = 0630;
				ORGANIZATIONNAME = "Bruno Berisso";
				TargetAttributes = {
					9B4F832F1B0B94C200643AE2 = {
						CreatedOnToolsVersion = 6.3.1;
					};
					9B4F833A1B0B94C200643AE2 = {
						CreatedOnToolsVersion = 6.3.1;
					};
				};
			};
			buildConfigurationList = 9B4F832A1B0B94C200643AE2 /* Build configuration list for PBXProject "TLSphinxSwift" */;
			compatibilityVersion = "Xcode 3.2";
			developmentRegion = English;
			hasScannedForEncodings = 0;
			knownRegions = (
				en,
			);
			mainGroup = 9B4F83261B0B94C100643AE2;
			productRefGroup = 9B4F83311B0B94C200643AE2 /* Products */;
			projectDirPath = "";
			projectRoot = "";
			targets = (
				9B4F832F1B0B94C200643AE2 /* TLSphinxSwift */,
				9B4F833A1B0B94C200643AE2 /* TLSphinxSwiftTests */,
			);
		};
/* End PBXProject section */

/* Begin PBXResourcesBuildPhase section */
		9B4F832E1B0B94C200643AE2 /* Resources */ = {
			isa = PBXResourcesBuildPhase;
			buildActionMask = 2147483647;
			files = (
			);
			runOnlyForDeploymentPostprocessing = 0;
		};
		9B4F83391B0B94C200643AE2 /* Resources */ = {
			isa = PBXResourcesBuildPhase;
			buildActionMask = 2147483647;
			files = (
			);
			runOnlyForDeploymentPostprocessing = 0;
		};
/* End PBXResourcesBuildPhase section */

/* Begin PBXSourcesBuildPhase section */
		9B4F832B1B0B94C200643AE2 /* Sources */ = {
			isa = PBXSourcesBuildPhase;
			buildActionMask = 2147483647;
			files = (
			);
			runOnlyForDeploymentPostprocessing = 0;
		};
		9B4F83371B0B94C200643AE2 /* Sources */ = {
			isa = PBXSourcesBuildPhase;
			buildActionMask = 2147483647;
			files = (
				9B4F83431B0B94C200643AE2 /* TLSphinxSwiftTests.swift in Sources */,
			);
			runOnlyForDeploymentPostprocessing = 0;
		};
/* End PBXSourcesBuildPhase section */

/* Begin PBXTargetDependency section */
		9B4F833E1B0B94C200643AE2 /* PBXTargetDependency */ = {
			isa = PBXTargetDependency;
			target = 9B4F832F1B0B94C200643AE2 /* TLSphinxSwift */;
			targetProxy = 9B4F833D1B0B94C200643AE2 /* PBXContainerItemProxy */;
		};
/* End PBXTargetDependency section */

/* Begin XCBuildConfiguration section */
		9B4F83441B0B94C200643AE2 /* Debug */ = {
			isa = XCBuildConfiguration;
			buildSettings = {
				ALWAYS_SEARCH_USER_PATHS = NO;
				CLANG_CXX_LANGUAGE_STANDARD = "gnu++0x";
				CLANG_CXX_LIBRARY = "libc++";
				CLANG_ENABLE_MODULES = YES;
				CLANG_ENABLE_OBJC_ARC = YES;
				CLANG_WARN_BOOL_CONVERSION = YES;
				CLANG_WARN_CONSTANT_CONVERSION = YES;
				CLANG_WARN_DIRECT_OBJC_ISA_USAGE = YES_ERROR;
				CLANG_WARN_EMPTY_BODY = YES;
				CLANG_WARN_ENUM_CONVERSION = YES;
				CLANG_WARN_INT_CONVERSION = YES;
				CLANG_WARN_OBJC_ROOT_CLASS = YES_ERROR;
				CLANG_WARN_UNREACHABLE_CODE = YES;
				CLANG_WARN__DUPLICATE_METHOD_MATCH = YES;
				"CODE_SIGN_IDENTITY[sdk=iphoneos*]" = "iPhone Developer";
				COPY_PHASE_STRIP = NO;
				CURRENT_PROJECT_VERSION = 1;
				DEBUG_INFORMATION_FORMAT = "dwarf-with-dsym";
				ENABLE_STRICT_OBJC_MSGSEND = YES;
				GCC_C_LANGUAGE_STANDARD = gnu99;
				GCC_DYNAMIC_NO_PIC = NO;
				GCC_NO_COMMON_BLOCKS = YES;
				GCC_OPTIMIZATION_LEVEL = 0;
				GCC_PREPROCESSOR_DEFINITIONS = (
					"DEBUG=1",
					"$(inherited)",
				);
				GCC_SYMBOLS_PRIVATE_EXTERN = NO;
				GCC_WARN_64_TO_32_BIT_CONVERSION = YES;
				GCC_WARN_ABOUT_RETURN_TYPE = YES_ERROR;
				GCC_WARN_UNDECLARED_SELECTOR = YES;
				GCC_WARN_UNINITIALIZED_AUTOS = YES_AGGRESSIVE;
				GCC_WARN_UNUSED_FUNCTION = YES;
				GCC_WARN_UNUSED_VARIABLE = YES;
				IPHONEOS_DEPLOYMENT_TARGET = 8.3;
				MTL_ENABLE_DEBUG_INFO = YES;
				ONLY_ACTIVE_ARCH = YES;
				SDKROOT = iphoneos;
				SWIFT_OPTIMIZATION_LEVEL = "-Onone";
				TARGETED_DEVICE_FAMILY = "1,2";
				VERSIONING_SYSTEM = "apple-generic";
				VERSION_INFO_PREFIX = "";
			};
			name = Debug;
		};
		9B4F83451B0B94C200643AE2 /* Release */ = {
			isa = XCBuildConfiguration;
			buildSettings = {
				ALWAYS_SEARCH_USER_PATHS = NO;
				CLANG_CXX_LANGUAGE_STANDARD = "gnu++0x";
				CLANG_CXX_LIBRARY = "libc++";
				CLANG_ENABLE_MODULES = YES;
				CLANG_ENABLE_OBJC_ARC = YES;
				CLANG_WARN_BOOL_CONVERSION = YES;
				CLANG_WARN_CONSTANT_CONVERSION = YES;
				CLANG_WARN_DIRECT_OBJC_ISA_USAGE = YES_ERROR;
				CLANG_WARN_EMPTY_BODY = YES;
				CLANG_WARN_ENUM_CONVERSION = YES;
				CLANG_WARN_INT_CONVERSION = YES;
				CLANG_WARN_OBJC_ROOT_CLASS = YES_ERROR;
				CLANG_WARN_UNREACHABLE_CODE = YES;
				CLANG_WARN__DUPLICATE_METHOD_MATCH = YES;
				"CODE_SIGN_IDENTITY[sdk=iphoneos*]" = "iPhone Developer";
				COPY_PHASE_STRIP = NO;
				CURRENT_PROJECT_VERSION = 1;
				DEBUG_INFORMATION_FORMAT = "dwarf-with-dsym";
				ENABLE_NS_ASSERTIONS = NO;
				ENABLE_STRICT_OBJC_MSGSEND = YES;
				GCC_C_LANGUAGE_STANDARD = gnu99;
				GCC_NO_COMMON_BLOCKS = YES;
				GCC_WARN_64_TO_32_BIT_CONVERSION = YES;
				GCC_WARN_ABOUT_RETURN_TYPE = YES_ERROR;
				GCC_WARN_UNDECLARED_SELECTOR = YES;
				GCC_WARN_UNINITIALIZED_AUTOS = YES_AGGRESSIVE;
				GCC_WARN_UNUSED_FUNCTION = YES;
				GCC_WARN_UNUSED_VARIABLE = YES;
				IPHONEOS_DEPLOYMENT_TARGET = 8.3;
				MTL_ENABLE_DEBUG_INFO = NO;
				SDKROOT = iphoneos;
				TARGETED_DEVICE_FAMILY = "1,2";
				VALIDATE_PRODUCT = YES;
				VERSIONING_SYSTEM = "apple-generic";
				VERSION_INFO_PREFIX = "";
			};
			name = Release;
		};
		9B4F83471B0B94C200643AE2 /* Debug */ = {
			isa = XCBuildConfiguration;
			buildSettings = {
				DEFINES_MODULE = YES;
				DYLIB_COMPATIBILITY_VERSION = 1;
				DYLIB_CURRENT_VERSION = 1;
				DYLIB_INSTALL_NAME_BASE = "@rpath";
				INFOPLIST_FILE = TLSphinxSwift/Info.plist;
				INSTALL_PATH = "$(LOCAL_LIBRARY_DIR)/Frameworks";
				LD_RUNPATH_SEARCH_PATHS = "$(inherited) @executable_path/Frameworks @loader_path/Frameworks";
				PRODUCT_NAME = "$(TARGET_NAME)";
				SKIP_INSTALL = YES;
			};
			name = Debug;
		};
		9B4F83481B0B94C200643AE2 /* Release */ = {
			isa = XCBuildConfiguration;
			buildSettings = {
				DEFINES_MODULE = YES;
				DYLIB_COMPATIBILITY_VERSION = 1;
				DYLIB_CURRENT_VERSION = 1;
				DYLIB_INSTALL_NAME_BASE = "@rpath";
				INFOPLIST_FILE = TLSphinxSwift/Info.plist;
				INSTALL_PATH = "$(LOCAL_LIBRARY_DIR)/Frameworks";
				LD_RUNPATH_SEARCH_PATHS = "$(inherited) @executable_path/Frameworks @loader_path/Frameworks";
				PRODUCT_NAME = "$(TARGET_NAME)";
				SKIP_INSTALL = YES;
			};
			name = Release;
		};
		9B4F834A1B0B94C200643AE2 /* Debug */ = {
			isa = XCBuildConfiguration;
			buildSettings = {
				FRAMEWORK_SEARCH_PATHS = (
					"$(SDKROOT)/Developer/Library/Frameworks",
					"$(inherited)",
				);
				GCC_PREPROCESSOR_DEFINITIONS = (
					"DEBUG=1",
					"$(inherited)",
				);
				INFOPLIST_FILE = TLSphinxSwiftTests/Info.plist;
				LD_RUNPATH_SEARCH_PATHS = "$(inherited) @executable_path/Frameworks @loader_path/Frameworks";
				PRODUCT_NAME = "$(TARGET_NAME)";
			};
			name = Debug;
		};
		9B4F834B1B0B94C200643AE2 /* Release */ = {
			isa = XCBuildConfiguration;
			buildSettings = {
				FRAMEWORK_SEARCH_PATHS = (
					"$(SDKROOT)/Developer/Library/Frameworks",
					"$(inherited)",
				);
				INFOPLIST_FILE = TLSphinxSwiftTests/Info.plist;
				LD_RUNPATH_SEARCH_PATHS = "$(inherited) @executable_path/Frameworks @loader_path/Frameworks";
				PRODUCT_NAME = "$(TARGET_NAME)";
			};
			name = Release;
		};
/* End XCBuildConfiguration section */

/* Begin XCConfigurationList section */
		9B4F832A1B0B94C200643AE2 /* Build configuration list for PBXProject "TLSphinxSwift" */ = {
			isa = XCConfigurationList;
			buildConfigurations = (
				9B4F83441B0B94C200643AE2 /* Debug */,
				9B4F83451B0B94C200643AE2 /* Release */,
			);
			defaultConfigurationIsVisible = 0;
			defaultConfigurationName = Release;
		};
		9B4F83461B0B94C200643AE2 /* Build configuration list for PBXNativeTarget "TLSphinxSwift" */ = {
			isa = XCConfigurationList;
			buildConfigurations = (
				9B4F83471B0B94C200643AE2 /* Debug */,
				9B4F83481B0B94C200643AE2 /* Release */,
			);
			defaultConfigurationIsVisible = 0;
		};
		9B4F83491B0B94C200643AE2 /* Build configuration list for PBXNativeTarget "TLSphinxSwiftTests" */ = {
			isa = XCConfigurationList;
			buildConfigurations = (
				9B4F834A1B0B94C200643AE2 /* Debug */,
				9B4F834B1B0B94C200643AE2 /* Release */,
			);
			defaultConfigurationIsVisible = 0;
		};
/* End XCConfigurationList section */
	};
	rootObject = 9B4F83271B0B94C100643AE2 /* Project object */;
}
