// !$*UTF8*$!
{
	archiveVersion = 1;
	classes = {
	};
	objectVersion = 46;
	objects = {

/* Begin PBXBuildFile section */
		9B5187B51B18E1E80000E78D /* TLSphinx.h in Headers */ = {isa = PBXBuildFile; fileRef = 9B5187B41B18E1E80000E78D /* TLSphinx.h */; settings = {ATTRIBUTES = (Public, ); }; };
		9B5187BB1B18E1E80000E78D /* TLSphinx.framework in Frameworks */ = {isa = PBXBuildFile; fileRef = 9B5187AF1B18E1E80000E78D /* TLSphinx.framework */; };
		9B5187C21B18E1E80000E78D /* Basic.swift in Sources */ = {isa = PBXBuildFile; fileRef = 9B5187C11B18E1E80000E78D /* Basic.swift */; };
		9B5187CC1B18E79B0000E78D /* Decoder.swift in Sources */ = {isa = PBXBuildFile; fileRef = 9B5187CB1B18E79B0000E78D /* Decoder.swift */; };
		9B5187E51B18EE280000E78D /* en-us in Resources */ = {isa = PBXBuildFile; fileRef = 9B5187E41B18EE280000E78D /* en-us */; };
		9B5187E71B18F0D40000E78D /* Config.swift in Sources */ = {isa = PBXBuildFile; fileRef = 9B5187E61B18F0D40000E78D /* Config.swift */; };
		9B5187E91B18F1A50000E78D /* Globals.swift in Sources */ = {isa = PBXBuildFile; fileRef = 9B5187E81B18F1A50000E78D /* Globals.swift */; };
		9B5187EB1B19011B0000E78D /* LiveDecode.swift in Sources */ = {isa = PBXBuildFile; fileRef = 9B5187EA1B19011B0000E78D /* LiveDecode.swift */; };
/* End PBXBuildFile section */

/* Begin PBXContainerItemProxy section */
		9B5187BC1B18E1E80000E78D /* PBXContainerItemProxy */ = {
			isa = PBXContainerItemProxy;
			containerPortal = 9B5187A61B18E1E80000E78D /* Project object */;
			proxyType = 1;
			remoteGlobalIDString = 9B5187AE1B18E1E80000E78D;
			remoteInfo = TLSphinx;
		};
/* End PBXContainerItemProxy section */

/* Begin PBXFileReference section */
		9B5187AF1B18E1E80000E78D /* TLSphinx.framework */ = {isa = PBXFileReference; explicitFileType = wrapper.framework; includeInIndex = 0; path = TLSphinx.framework; sourceTree = BUILT_PRODUCTS_DIR; };
		9B5187B31B18E1E80000E78D /* Info.plist */ = {isa = PBXFileReference; lastKnownFileType = text.plist.xml; path = Info.plist; sourceTree = "<group>"; };
		9B5187B41B18E1E80000E78D /* TLSphinx.h */ = {isa = PBXFileReference; lastKnownFileType = sourcecode.c.h; path = TLSphinx.h; sourceTree = "<group>"; };
		9B5187BA1B18E1E80000E78D /* TLSphinxTests.xctest */ = {isa = PBXFileReference; explicitFileType = wrapper.cfbundle; includeInIndex = 0; path = TLSphinxTests.xctest; sourceTree = BUILT_PRODUCTS_DIR; };
		9B5187C01B18E1E80000E78D /* Info.plist */ = {isa = PBXFileReference; lastKnownFileType = text.plist.xml; path = Info.plist; sourceTree = "<group>"; };
		9B5187C11B18E1E80000E78D /* Basic.swift */ = {isa = PBXFileReference; lastKnownFileType = sourcecode.swift; path = Basic.swift; sourceTree = "<group>"; };
		9B5187CB1B18E79B0000E78D /* Decoder.swift */ = {isa = PBXFileReference; fileEncoding = 4; lastKnownFileType = sourcecode.swift; path = Decoder.swift; sourceTree = "<group>"; };
		9B5187E41B18EE280000E78D /* en-us */ = {isa = PBXFileReference; lastKnownFileType = folder; path = "en-us"; sourceTree = "<group>"; };
		9B5187E61B18F0D40000E78D /* Config.swift */ = {isa = PBXFileReference; fileEncoding = 4; lastKnownFileType = sourcecode.swift; path = Config.swift; sourceTree = "<group>"; };
		9B5187E81B18F1A50000E78D /* Globals.swift */ = {isa = PBXFileReference; fileEncoding = 4; lastKnownFileType = sourcecode.swift; path = Globals.swift; sourceTree = "<group>"; };
		9B5187EA1B19011B0000E78D /* LiveDecode.swift */ = {isa = PBXFileReference; fileEncoding = 4; lastKnownFileType = sourcecode.swift; path = LiveDecode.swift; sourceTree = "<group>"; };
/* End PBXFileReference section */

/* Begin PBXFrameworksBuildPhase section */
		9B5187AB1B18E1E80000E78D /* Frameworks */ = {
			isa = PBXFrameworksBuildPhase;
			buildActionMask = 2147483647;
			files = (
			);
			runOnlyForDeploymentPostprocessing = 0;
		};
		9B5187B71B18E1E80000E78D /* Frameworks */ = {
			isa = PBXFrameworksBuildPhase;
			buildActionMask = 2147483647;
			files = (
				9B5187BB1B18E1E80000E78D /* TLSphinx.framework in Frameworks */,
			);
			runOnlyForDeploymentPostprocessing = 0;
		};
/* End PBXFrameworksBuildPhase section */

/* Begin PBXGroup section */
		9B5187A51B18E1E80000E78D = {
			isa = PBXGroup;
			children = (
				9B5187B11B18E1E80000E78D /* TLSphinx */,
				9B5187BE1B18E1E80000E78D /* TLSphinxTests */,
				9B5187B01B18E1E80000E78D /* Products */,
			);
			sourceTree = "<group>";
		};
		9B5187B01B18E1E80000E78D /* Products */ = {
			isa = PBXGroup;
			children = (
				9B5187AF1B18E1E80000E78D /* TLSphinx.framework */,
				9B5187BA1B18E1E80000E78D /* TLSphinxTests.xctest */,
			);
			name = Products;
			sourceTree = "<group>";
		};
		9B5187B11B18E1E80000E78D /* TLSphinx */ = {
			isa = PBXGroup;
			children = (
				9B5187B21B18E1E80000E78D /* Supporting Files */,
				9B5187CB1B18E79B0000E78D /* Decoder.swift */,
				9B5187E81B18F1A50000E78D /* Globals.swift */,
				9B5187E61B18F0D40000E78D /* Config.swift */,
			);
			path = TLSphinx;
			sourceTree = "<group>";
		};
		9B5187B21B18E1E80000E78D /* Supporting Files */ = {
			isa = PBXGroup;
			children = (
				9B5187B41B18E1E80000E78D /* TLSphinx.h */,
				9B5187B31B18E1E80000E78D /* Info.plist */,
			);
			name = "Supporting Files";
			sourceTree = "<group>";
		};
		9B5187BE1B18E1E80000E78D /* TLSphinxTests */ = {
			isa = PBXGroup;
			children = (
				9B5187BF1B18E1E80000E78D /* Supporting Files */,
				9B5187C11B18E1E80000E78D /* Basic.swift */,
				9B5187EA1B19011B0000E78D /* LiveDecode.swift */,
			);
			path = TLSphinxTests;
			sourceTree = "<group>";
		};
		9B5187BF1B18E1E80000E78D /* Supporting Files */ = {
			isa = PBXGroup;
			children = (
				9B5187CD1B18EDF40000E78D /* model */,
				9B5187C01B18E1E80000E78D /* Info.plist */,
			);
			name = "Supporting Files";
			sourceTree = "<group>";
		};
		9B5187CD1B18EDF40000E78D /* model */ = {
			isa = PBXGroup;
			children = (
				9B5187E41B18EE280000E78D /* en-us */,
			);
			name = model;
			path = Sphinx/share/pocketsphinx/model;
			sourceTree = SOURCE_ROOT;
		};
/* End PBXGroup section */

/* Begin PBXHeadersBuildPhase section */
		9B5187AC1B18E1E80000E78D /* Headers */ = {
			isa = PBXHeadersBuildPhase;
			buildActionMask = 2147483647;
			files = (
				9B5187B51B18E1E80000E78D /* TLSphinx.h in Headers */,
			);
			runOnlyForDeploymentPostprocessing = 0;
		};
/* End PBXHeadersBuildPhase section */

/* Begin PBXNativeTarget section */
		9B5187AE1B18E1E80000E78D /* TLSphinx */ = {
			isa = PBXNativeTarget;
			buildConfigurationList = 9B5187C51B18E1E80000E78D /* Build configuration list for PBXNativeTarget "TLSphinx" */;
			buildPhases = (
				9B5187AA1B18E1E80000E78D /* Sources */,
				9B5187AB1B18E1E80000E78D /* Frameworks */,
				9B5187AC1B18E1E80000E78D /* Headers */,
				9B5187AD1B18E1E80000E78D /* Resources */,
			);
			buildRules = (
			);
			dependencies = (
			);
			name = TLSphinx;
			productName = TLSphinx;
			productReference = 9B5187AF1B18E1E80000E78D /* TLSphinx.framework */;
			productType = "com.apple.product-type.framework";
		};
		9B5187B91B18E1E80000E78D /* TLSphinxTests */ = {
			isa = PBXNativeTarget;
			buildConfigurationList = 9B5187C81B18E1E80000E78D /* Build configuration list for PBXNativeTarget "TLSphinxTests" */;
			buildPhases = (
				9B5187B61B18E1E80000E78D /* Sources */,
				9B5187B71B18E1E80000E78D /* Frameworks */,
				9B5187B81B18E1E80000E78D /* Resources */,
			);
			buildRules = (
			);
			dependencies = (
				9B5187BD1B18E1E80000E78D /* PBXTargetDependency */,
			);
			name = TLSphinxTests;
			productName = TLSphinxTests;
			productReference = 9B5187BA1B18E1E80000E78D /* TLSphinxTests.xctest */;
			productType = "com.apple.product-type.bundle.unit-test";
		};
/* End PBXNativeTarget section */

/* Begin PBXProject section */
		9B5187A61B18E1E80000E78D /* Project object */ = {
			isa = PBXProject;
			attributes = {
				LastUpgradeCheck = 0630;
				ORGANIZATIONNAME = "Bruno Berisso";
				TargetAttributes = {
					9B5187AE1B18E1E80000E78D = {
						CreatedOnToolsVersion = 6.3.2;
					};
					9B5187B91B18E1E80000E78D = {
						CreatedOnToolsVersion = 6.3.2;
					};
				};
			};
			buildConfigurationList = 9B5187A91B18E1E80000E78D /* Build configuration list for PBXProject "TLSphinx" */;
			compatibilityVersion = "Xcode 3.2";
			developmentRegion = English;
			hasScannedForEncodings = 0;
			knownRegions = (
				en,
			);
			mainGroup = 9B5187A51B18E1E80000E78D;
			productRefGroup = 9B5187B01B18E1E80000E78D /* Products */;
			projectDirPath = "";
			projectRoot = "";
			targets = (
				9B5187AE1B18E1E80000E78D /* TLSphinx */,
				9B5187B91B18E1E80000E78D /* TLSphinxTests */,
			);
		};
/* End PBXProject section */

/* Begin PBXResourcesBuildPhase section */
		9B5187AD1B18E1E80000E78D /* Resources */ = {
			isa = PBXResourcesBuildPhase;
			buildActionMask = 2147483647;
			files = (
			);
			runOnlyForDeploymentPostprocessing = 0;
		};
		9B5187B81B18E1E80000E78D /* Resources */ = {
			isa = PBXResourcesBuildPhase;
			buildActionMask = 2147483647;
			files = (
				9B5187E51B18EE280000E78D /* en-us in Resources */,
			);
			runOnlyForDeploymentPostprocessing = 0;
		};
/* End PBXResourcesBuildPhase section */

/* Begin PBXSourcesBuildPhase section */
		9B5187AA1B18E1E80000E78D /* Sources */ = {
			isa = PBXSourcesBuildPhase;
			buildActionMask = 2147483647;
			files = (
				9B5187CC1B18E79B0000E78D /* Decoder.swift in Sources */,
				9B5187E91B18F1A50000E78D /* Globals.swift in Sources */,
				9B5187E71B18F0D40000E78D /* Config.swift in Sources */,
			);
			runOnlyForDeploymentPostprocessing = 0;
		};
		9B5187B61B18E1E80000E78D /* Sources */ = {
			isa = PBXSourcesBuildPhase;
			buildActionMask = 2147483647;
			files = (
				9B5187C21B18E1E80000E78D /* Basic.swift in Sources */,
				9B5187EB1B19011B0000E78D /* LiveDecode.swift in Sources */,
			);
			runOnlyForDeploymentPostprocessing = 0;
		};
/* End PBXSourcesBuildPhase section */

/* Begin PBXTargetDependency section */
		9B5187BD1B18E1E80000E78D /* PBXTargetDependency */ = {
			isa = PBXTargetDependency;
			target = 9B5187AE1B18E1E80000E78D /* TLSphinx */;
			targetProxy = 9B5187BC1B18E1E80000E78D /* PBXContainerItemProxy */;
		};
/* End PBXTargetDependency section */

/* Begin XCBuildConfiguration section */
		9B5187C31B18E1E80000E78D /* Debug */ = {
			isa = XCBuildConfiguration;
			buildSettings = {
				ALWAYS_SEARCH_USER_PATHS = NO;
				CLANG_CXX_LANGUAGE_STANDARD = "gnu++0x";
				CLANG_CXX_LIBRARY = "libc++";
				CLANG_ENABLE_MODULES = YES;
				CLANG_ENABLE_OBJC_ARC = YES;
				CLANG_WARN_BOOL_CONVERSION = YES;
				CLANG_WARN_CONSTANT_CONVERSION = YES;
				CLANG_WARN_DIRECT_OBJC_ISA_USAGE = YES_ERROR;
				CLANG_WARN_EMPTY_BODY = YES;
				CLANG_WARN_ENUM_CONVERSION = YES;
				CLANG_WARN_INT_CONVERSION = YES;
				CLANG_WARN_OBJC_ROOT_CLASS = YES_ERROR;
				CLANG_WARN_UNREACHABLE_CODE = YES;
				CLANG_WARN__DUPLICATE_METHOD_MATCH = YES;
				"CODE_SIGN_IDENTITY[sdk=iphoneos*]" = "iPhone Developer";
				COPY_PHASE_STRIP = NO;
				CURRENT_PROJECT_VERSION = 1;
				DEBUG_INFORMATION_FORMAT = "dwarf-with-dsym";
				ENABLE_STRICT_OBJC_MSGSEND = YES;
				GCC_C_LANGUAGE_STANDARD = gnu99;
				GCC_DYNAMIC_NO_PIC = NO;
				GCC_NO_COMMON_BLOCKS = YES;
				GCC_OPTIMIZATION_LEVEL = 0;
				GCC_PREPROCESSOR_DEFINITIONS = (
					"DEBUG=1",
					"$(inherited)",
				);
				GCC_SYMBOLS_PRIVATE_EXTERN = NO;
				GCC_WARN_64_TO_32_BIT_CONVERSION = YES;
				GCC_WARN_ABOUT_RETURN_TYPE = YES_ERROR;
				GCC_WARN_UNDECLARED_SELECTOR = YES;
				GCC_WARN_UNINITIALIZED_AUTOS = YES_AGGRESSIVE;
				GCC_WARN_UNUSED_FUNCTION = YES;
				GCC_WARN_UNUSED_VARIABLE = YES;
				IPHONEOS_DEPLOYMENT_TARGET = 8.3;
				MTL_ENABLE_DEBUG_INFO = YES;
				ONLY_ACTIVE_ARCH = YES;
				SDKROOT = iphoneos;
				SWIFT_OPTIMIZATION_LEVEL = "-Onone";
				TARGETED_DEVICE_FAMILY = "1,2";
				VERSIONING_SYSTEM = "apple-generic";
				VERSION_INFO_PREFIX = "";
			};
			name = Debug;
		};
		9B5187C41B18E1E80000E78D /* Release */ = {
			isa = XCBuildConfiguration;
			buildSettings = {
				ALWAYS_SEARCH_USER_PATHS = NO;
				CLANG_CXX_LANGUAGE_STANDARD = "gnu++0x";
				CLANG_CXX_LIBRARY = "libc++";
				CLANG_ENABLE_MODULES = YES;
				CLANG_ENABLE_OBJC_ARC = YES;
				CLANG_WARN_BOOL_CONVERSION = YES;
				CLANG_WARN_CONSTANT_CONVERSION = YES;
				CLANG_WARN_DIRECT_OBJC_ISA_USAGE = YES_ERROR;
				CLANG_WARN_EMPTY_BODY = YES;
				CLANG_WARN_ENUM_CONVERSION = YES;
				CLANG_WARN_INT_CONVERSION = YES;
				CLANG_WARN_OBJC_ROOT_CLASS = YES_ERROR;
				CLANG_WARN_UNREACHABLE_CODE = YES;
				CLANG_WARN__DUPLICATE_METHOD_MATCH = YES;
				"CODE_SIGN_IDENTITY[sdk=iphoneos*]" = "iPhone Developer";
				COPY_PHASE_STRIP = NO;
				CURRENT_PROJECT_VERSION = 1;
				DEBUG_INFORMATION_FORMAT = "dwarf-with-dsym";
				ENABLE_NS_ASSERTIONS = NO;
				ENABLE_STRICT_OBJC_MSGSEND = YES;
				GCC_C_LANGUAGE_STANDARD = gnu99;
				GCC_NO_COMMON_BLOCKS = YES;
				GCC_WARN_64_TO_32_BIT_CONVERSION = YES;
				GCC_WARN_ABOUT_RETURN_TYPE = YES_ERROR;
				GCC_WARN_UNDECLARED_SELECTOR = YES;
				GCC_WARN_UNINITIALIZED_AUTOS = YES_AGGRESSIVE;
				GCC_WARN_UNUSED_FUNCTION = YES;
				GCC_WARN_UNUSED_VARIABLE = YES;
				IPHONEOS_DEPLOYMENT_TARGET = 8.3;
				MTL_ENABLE_DEBUG_INFO = NO;
				SDKROOT = iphoneos;
				TARGETED_DEVICE_FAMILY = "1,2";
				VALIDATE_PRODUCT = YES;
				VERSIONING_SYSTEM = "apple-generic";
				VERSION_INFO_PREFIX = "";
			};
			name = Release;
		};
		9B5187C61B18E1E80000E78D /* Debug */ = {
			isa = XCBuildConfiguration;
			buildSettings = {
				ALWAYS_SEARCH_USER_PATHS = NO;
				CLANG_ENABLE_MODULES = YES;
				DEFINES_MODULE = YES;
				DYLIB_COMPATIBILITY_VERSION = 1;
				DYLIB_CURRENT_VERSION = 1;
				DYLIB_INSTALL_NAME_BASE = "@rpath";
				HEADER_SEARCH_PATHS = (
					"$(inherited)",
					/Applications/Xcode.app/Contents/Developer/Toolchains/XcodeDefault.xctoolchain/usr/include,
					"$(PROJECT_DIR)/Sphinx/include/**",
				);
				INFOPLIST_FILE = TLSphinx/Info.plist;
				INSTALL_PATH = "$(LOCAL_LIBRARY_DIR)/Frameworks";
				LD_RUNPATH_SEARCH_PATHS = "$(inherited) @executable_path/Frameworks @loader_path/Frameworks";
				LIBRARY_SEARCH_PATHS = (
					"$(PROJECT_DIR)/Sphinx/lib/pocketsphinx",
					"$(PROJECT_DIR)/Sphinx/lib/sphinxbase",
				);
				PRODUCT_NAME = "$(TARGET_NAME)";
				SKIP_INSTALL = YES;
				SWIFT_INCLUDE_PATHS = Sphinx/include;
				SWIFT_OPTIMIZATION_LEVEL = "-Onone";
			};
			name = Debug;
		};
		9B5187C71B18E1E80000E78D /* Release */ = {
			isa = XCBuildConfiguration;
			buildSettings = {
				ALWAYS_SEARCH_USER_PATHS = NO;
				CLANG_ENABLE_MODULES = YES;
				DEFINES_MODULE = YES;
				DYLIB_COMPATIBILITY_VERSION = 1;
				DYLIB_CURRENT_VERSION = 1;
				DYLIB_INSTALL_NAME_BASE = "@rpath";
				HEADER_SEARCH_PATHS = (
					"$(inherited)",
					/Applications/Xcode.app/Contents/Developer/Toolchains/XcodeDefault.xctoolchain/usr/include,
					"$(PROJECT_DIR)/Sphinx/include/**",
				);
				INFOPLIST_FILE = TLSphinx/Info.plist;
				INSTALL_PATH = "$(LOCAL_LIBRARY_DIR)/Frameworks";
				LD_RUNPATH_SEARCH_PATHS = "$(inherited) @executable_path/Frameworks @loader_path/Frameworks";
				LIBRARY_SEARCH_PATHS = (
					"$(PROJECT_DIR)/Sphinx/lib/pocketsphinx",
					"$(PROJECT_DIR)/Sphinx/lib/sphinxbase",
				);
				PRODUCT_NAME = "$(TARGET_NAME)";
				SKIP_INSTALL = YES;
				SWIFT_INCLUDE_PATHS = Sphinx/include;
			};
			name = Release;
		};
		9B5187C91B18E1E80000E78D /* Debug */ = {
			isa = XCBuildConfiguration;
			buildSettings = {
				FRAMEWORK_SEARCH_PATHS = (
					"$(SDKROOT)/Developer/Library/Frameworks",
					"$(inherited)",
				);
				GCC_PREPROCESSOR_DEFINITIONS = (
					"DEBUG=1",
					"$(inherited)",
				);
				HEADER_SEARCH_PATHS = (
					"$(inherited)",
					/Applications/Xcode.app/Contents/Developer/Toolchains/XcodeDefault.xctoolchain/usr/include,
					"$(PROJECT_DIR)/Sphinx/include/**",
				);
				INFOPLIST_FILE = TLSphinxTests/Info.plist;
				LD_RUNPATH_SEARCH_PATHS = "$(inherited) @executable_path/Frameworks @loader_path/Frameworks";
				LIBRARY_SEARCH_PATHS = (
					"$(PROJECT_DIR)/Sphinx/lib/pocketsphinx",
					"$(PROJECT_DIR)/Sphinx/lib/sphinxbase",
				);
				PRODUCT_NAME = "$(TARGET_NAME)";
			};
			name = Debug;
		};
		9B5187CA1B18E1E80000E78D /* Release */ = {
			isa = XCBuildConfiguration;
			buildSettings = {
				FRAMEWORK_SEARCH_PATHS = (
					"$(SDKROOT)/Developer/Library/Frameworks",
					"$(inherited)",
				);
				HEADER_SEARCH_PATHS = (
					"$(inherited)",
					/Applications/Xcode.app/Contents/Developer/Toolchains/XcodeDefault.xctoolchain/usr/include,
					"$(PROJECT_DIR)/Sphinx/include/**",
				);
				INFOPLIST_FILE = TLSphinxTests/Info.plist;
				LD_RUNPATH_SEARCH_PATHS = "$(inherited) @executable_path/Frameworks @loader_path/Frameworks";
				LIBRARY_SEARCH_PATHS = (
					"$(PROJECT_DIR)/Sphinx/lib/pocketsphinx",
					"$(PROJECT_DIR)/Sphinx/lib/sphinxbase",
				);
				PRODUCT_NAME = "$(TARGET_NAME)";
			};
			name = Release;
		};
/* End XCBuildConfiguration section */

/* Begin XCConfigurationList section */
		9B5187A91B18E1E80000E78D /* Build configuration list for PBXProject "TLSphinx" */ = {
			isa = XCConfigurationList;
			buildConfigurations = (
				9B5187C31B18E1E80000E78D /* Debug */,
				9B5187C41B18E1E80000E78D /* Release */,
			);
			defaultConfigurationIsVisible = 0;
			defaultConfigurationName = Release;
		};
		9B5187C51B18E1E80000E78D /* Build configuration list for PBXNativeTarget "TLSphinx" */ = {
			isa = XCConfigurationList;
			buildConfigurations = (
				9B5187C61B18E1E80000E78D /* Debug */,
				9B5187C71B18E1E80000E78D /* Release */,
			);
			defaultConfigurationIsVisible = 0;
			defaultConfigurationName = Release;
		};
		9B5187C81B18E1E80000E78D /* Build configuration list for PBXNativeTarget "TLSphinxTests" */ = {
			isa = XCConfigurationList;
			buildConfigurations = (
				9B5187C91B18E1E80000E78D /* Debug */,
				9B5187CA1B18E1E80000E78D /* Release */,
			);
			defaultConfigurationIsVisible = 0;
			defaultConfigurationName = Release;
		};
/* End XCConfigurationList section */
	};
	rootObject = 9B5187A61B18E1E80000E78D /* Project object */;
}
